// !$*UTF8*$!
{
	archiveVersion = 1;
	classes = {
	};
	objectVersion = 46;
	objects = {

/* Begin PBXBuildFile section */
		35655CCC1E967AD60007BB1B /* PaperSwitch.framework in Frameworks */ = {isa = PBXBuildFile; fileRef = 35655CCB1E967AD60007BB1B /* PaperSwitch.framework */; };
		35655CD61E967B910007BB1B /* Knob+Touches.swift in Sources */ = {isa = PBXBuildFile; fileRef = 35655CCE1E967B910007BB1B /* Knob+Touches.swift */; };
		35655CD71E967B910007BB1B /* Knob.swift in Sources */ = {isa = PBXBuildFile; fileRef = 35655CCF1E967B910007BB1B /* Knob.swift */; };
		35655CD81E967B910007BB1B /* KnobLarge.swift in Sources */ = {isa = PBXBuildFile; fileRef = 35655CD01E967B910007BB1B /* KnobLarge.swift */; };
		35655CD91E967B910007BB1B /* KnobMedium.swift in Sources */ = {isa = PBXBuildFile; fileRef = 35655CD11E967B910007BB1B /* KnobMedium.swift */; };
		35655CDA1E967B910007BB1B /* KnobSmall.swift in Sources */ = {isa = PBXBuildFile; fileRef = 35655CD21E967B910007BB1B /* KnobSmall.swift */; };
		35655CDB1E967B910007BB1B /* RoundedButton.swift in Sources */ = {isa = PBXBuildFile; fileRef = 35655CD31E967B910007BB1B /* RoundedButton.swift */; };
		35655CDC1E967B910007BB1B /* VerticalSlider.swift in Sources */ = {isa = PBXBuildFile; fileRef = 35655CD41E967B910007BB1B /* VerticalSlider.swift */; };
		35655CDD1E967B910007BB1B /* WaveformSegmentedView.swift in Sources */ = {isa = PBXBuildFile; fileRef = 35655CD51E967B910007BB1B /* WaveformSegmentedView.swift */; };
		35655CDE1E967C110007BB1B /* PaperSwitch.framework in Frameworks */ = {isa = PBXBuildFile; fileRef = 35655CCB1E967AD60007BB1B /* PaperSwitch.framework */; };
		35655CDF1E967C110007BB1B /* PaperSwitch.framework in Embed Frameworks */ = {isa = PBXBuildFile; fileRef = 35655CCB1E967AD60007BB1B /* PaperSwitch.framework */; settings = {ATTRIBUTES = (CodeSignOnCopy, RemoveHeadersOnCopy, ); }; };
		35655CE11E9682040007BB1B /* SwiftSiriWaveformView.swift in Sources */ = {isa = PBXBuildFile; fileRef = 35655CE01E9682040007BB1B /* SwiftSiriWaveformView.swift */; };
		35655CEC1E9786400007BB1B /* EffectBlokView.swift in Sources */ = {isa = PBXBuildFile; fileRef = 35655CEB1E9786400007BB1B /* EffectBlokView.swift */; };
		35655D041E97A1FC0007BB1B /* 1.wav in Resources */ = {isa = PBXBuildFile; fileRef = 35655D011E97A1FC0007BB1B /* 1.wav */; };
		35655D051E97A1FC0007BB1B /* 2.wav in Resources */ = {isa = PBXBuildFile; fileRef = 35655D021E97A1FC0007BB1B /* 2.wav */; };
		35655D061E97A1FC0007BB1B /* 3.wav in Resources */ = {isa = PBXBuildFile; fileRef = 35655D031E97A1FC0007BB1B /* 3.wav */; };
		35655D101E97E1640007BB1B /* mixloop.wav in Resources */ = {isa = PBXBuildFile; fileRef = 35655D0F1E97E1640007BB1B /* mixloop.wav */; };
		357A52091E95243300E6F464 /* AppDelegate.swift in Sources */ = {isa = PBXBuildFile; fileRef = 357A52081E95243300E6F464 /* AppDelegate.swift */; };
		357A520B1E95243300E6F464 /* ViewController.swift in Sources */ = {isa = PBXBuildFile; fileRef = 357A520A1E95243300E6F464 /* ViewController.swift */; };
		357A520E1E95243300E6F464 /* Main.storyboard in Resources */ = {isa = PBXBuildFile; fileRef = 357A520C1E95243300E6F464 /* Main.storyboard */; };
		357A52101E95243300E6F464 /* Assets.xcassets in Resources */ = {isa = PBXBuildFile; fileRef = 357A520F1E95243300E6F464 /* Assets.xcassets */; };
		357A52131E95243300E6F464 /* LaunchScreen.storyboard in Resources */ = {isa = PBXBuildFile; fileRef = 357A52111E95243300E6F464 /* LaunchScreen.storyboard */; };
		357A521E1E95243300E6F464 /* ConvolutionMadnessTests.swift in Sources */ = {isa = PBXBuildFile; fileRef = 357A521D1E95243300E6F464 /* ConvolutionMadnessTests.swift */; };
		357A52291E95243300E6F464 /* ConvolutionMadnessUITests.swift in Sources */ = {isa = PBXBuildFile; fileRef = 357A52281E95243300E6F464 /* ConvolutionMadnessUITests.swift */; };
		357A52371E95246B00E6F464 /* AudioKit.framework in Frameworks */ = {isa = PBXBuildFile; fileRef = 357A52361E95246B00E6F464 /* AudioKit.framework */; };
		357A52381E95247300E6F464 /* AudioKit.framework in Frameworks */ = {isa = PBXBuildFile; fileRef = 357A52361E95246B00E6F464 /* AudioKit.framework */; };
		357A52391E95247300E6F464 /* AudioKit.framework in Embed Frameworks */ = {isa = PBXBuildFile; fileRef = 357A52361E95246B00E6F464 /* AudioKit.framework */; settings = {ATTRIBUTES = (CodeSignOnCopy, RemoveHeadersOnCopy, ); }; };
/* End PBXBuildFile section */

/* Begin PBXContainerItemProxy section */
		357A521A1E95243300E6F464 /* PBXContainerItemProxy */ = {
			isa = PBXContainerItemProxy;
			containerPortal = 357A51FD1E95243300E6F464 /* Project object */;
			proxyType = 1;
			remoteGlobalIDString = 357A52041E95243300E6F464;
			remoteInfo = ConvolutionMadness;
		};
		357A52251E95243300E6F464 /* PBXContainerItemProxy */ = {
			isa = PBXContainerItemProxy;
			containerPortal = 357A51FD1E95243300E6F464 /* Project object */;
			proxyType = 1;
			remoteGlobalIDString = 357A52041E95243300E6F464;
			remoteInfo = ConvolutionMadness;
		};
/* End PBXContainerItemProxy section */

/* Begin PBXCopyFilesBuildPhase section */
		357A523A1E95247300E6F464 /* Embed Frameworks */ = {
			isa = PBXCopyFilesBuildPhase;
			buildActionMask = 2147483647;
			dstPath = "";
			dstSubfolderSpec = 10;
			files = (
				357A52391E95247300E6F464 /* AudioKit.framework in Embed Frameworks */,
				35655CDF1E967C110007BB1B /* PaperSwitch.framework in Embed Frameworks */,
			);
			name = "Embed Frameworks";
			runOnlyForDeploymentPostprocessing = 0;
		};
/* End PBXCopyFilesBuildPhase section */

/* Begin PBXFileReference section */
		35655CCB1E967AD60007BB1B /* PaperSwitch.framework */ = {isa = PBXFileReference; lastKnownFileType = wrapper.framework; path = PaperSwitch.framework; sourceTree = "<group>"; };
		35655CCE1E967B910007BB1B /* Knob+Touches.swift */ = {isa = PBXFileReference; fileEncoding = 4; lastKnownFileType = sourcecode.swift; path = "Knob+Touches.swift"; sourceTree = "<group>"; };
		35655CCF1E967B910007BB1B /* Knob.swift */ = {isa = PBXFileReference; fileEncoding = 4; lastKnownFileType = sourcecode.swift; path = Knob.swift; sourceTree = "<group>"; };
		35655CD01E967B910007BB1B /* KnobLarge.swift */ = {isa = PBXFileReference; fileEncoding = 4; lastKnownFileType = sourcecode.swift; path = KnobLarge.swift; sourceTree = "<group>"; };
		35655CD11E967B910007BB1B /* KnobMedium.swift */ = {isa = PBXFileReference; fileEncoding = 4; lastKnownFileType = sourcecode.swift; path = KnobMedium.swift; sourceTree = "<group>"; };
		35655CD21E967B910007BB1B /* KnobSmall.swift */ = {isa = PBXFileReference; fileEncoding = 4; lastKnownFileType = sourcecode.swift; path = KnobSmall.swift; sourceTree = "<group>"; };
		35655CD31E967B910007BB1B /* RoundedButton.swift */ = {isa = PBXFileReference; fileEncoding = 4; lastKnownFileType = sourcecode.swift; path = RoundedButton.swift; sourceTree = "<group>"; };
		35655CD41E967B910007BB1B /* VerticalSlider.swift */ = {isa = PBXFileReference; fileEncoding = 4; lastKnownFileType = sourcecode.swift; path = VerticalSlider.swift; sourceTree = "<group>"; };
		35655CD51E967B910007BB1B /* WaveformSegmentedView.swift */ = {isa = PBXFileReference; fileEncoding = 4; lastKnownFileType = sourcecode.swift; path = WaveformSegmentedView.swift; sourceTree = "<group>"; };
		35655CE01E9682040007BB1B /* SwiftSiriWaveformView.swift */ = {isa = PBXFileReference; fileEncoding = 4; lastKnownFileType = sourcecode.swift; path = SwiftSiriWaveformView.swift; sourceTree = "<group>"; };
		35655CEB1E9786400007BB1B /* EffectBlokView.swift */ = {isa = PBXFileReference; fileEncoding = 4; lastKnownFileType = sourcecode.swift; path = EffectBlokView.swift; sourceTree = "<group>"; };
		35655D011E97A1FC0007BB1B /* 1.wav */ = {isa = PBXFileReference; lastKnownFileType = audio.wav; path = 1.wav; sourceTree = "<group>"; };
		35655D021E97A1FC0007BB1B /* 2.wav */ = {isa = PBXFileReference; lastKnownFileType = audio.wav; path = 2.wav; sourceTree = "<group>"; };
		35655D031E97A1FC0007BB1B /* 3.wav */ = {isa = PBXFileReference; lastKnownFileType = audio.wav; path = 3.wav; sourceTree = "<group>"; };
		35655D0F1E97E1640007BB1B /* mixloop.wav */ = {isa = PBXFileReference; lastKnownFileType = audio.wav; path = mixloop.wav; sourceTree = "<group>"; };
		357A52051E95243300E6F464 /* ConvolutionMadness.app */ = {isa = PBXFileReference; explicitFileType = wrapper.application; includeInIndex = 0; path = ConvolutionMadness.app; sourceTree = BUILT_PRODUCTS_DIR; };
		357A52081E95243300E6F464 /* AppDelegate.swift */ = {isa = PBXFileReference; lastKnownFileType = sourcecode.swift; path = AppDelegate.swift; sourceTree = "<group>"; };
		357A520A1E95243300E6F464 /* ViewController.swift */ = {isa = PBXFileReference; lastKnownFileType = sourcecode.swift; path = ViewController.swift; sourceTree = "<group>"; };
		357A520D1E95243300E6F464 /* Base */ = {isa = PBXFileReference; lastKnownFileType = file.storyboard; name = Base; path = Base.lproj/Main.storyboard; sourceTree = "<group>"; };
		357A520F1E95243300E6F464 /* Assets.xcassets */ = {isa = PBXFileReference; lastKnownFileType = folder.assetcatalog; path = Assets.xcassets; sourceTree = "<group>"; };
		357A52121E95243300E6F464 /* Base */ = {isa = PBXFileReference; lastKnownFileType = file.storyboard; name = Base; path = Base.lproj/LaunchScreen.storyboard; sourceTree = "<group>"; };
		357A52141E95243300E6F464 /* Info.plist */ = {isa = PBXFileReference; lastKnownFileType = text.plist.xml; path = Info.plist; sourceTree = "<group>"; };
		357A52191E95243300E6F464 /* ConvolutionMadnessTests.xctest */ = {isa = PBXFileReference; explicitFileType = wrapper.cfbundle; includeInIndex = 0; path = ConvolutionMadnessTests.xctest; sourceTree = BUILT_PRODUCTS_DIR; };
		357A521D1E95243300E6F464 /* ConvolutionMadnessTests.swift */ = {isa = PBXFileReference; lastKnownFileType = sourcecode.swift; path = ConvolutionMadnessTests.swift; sourceTree = "<group>"; };
		357A521F1E95243300E6F464 /* Info.plist */ = {isa = PBXFileReference; lastKnownFileType = text.plist.xml; path = Info.plist; sourceTree = "<group>"; };
		357A52241E95243300E6F464 /* ConvolutionMadnessUITests.xctest */ = {isa = PBXFileReference; explicitFileType = wrapper.cfbundle; includeInIndex = 0; path = ConvolutionMadnessUITests.xctest; sourceTree = BUILT_PRODUCTS_DIR; };
		357A52281E95243300E6F464 /* ConvolutionMadnessUITests.swift */ = {isa = PBXFileReference; lastKnownFileType = sourcecode.swift; path = ConvolutionMadnessUITests.swift; sourceTree = "<group>"; };
		357A522A1E95243300E6F464 /* Info.plist */ = {isa = PBXFileReference; lastKnownFileType = text.plist.xml; path = Info.plist; sourceTree = "<group>"; };
		357A52361E95246B00E6F464 /* AudioKit.framework */ = {isa = PBXFileReference; lastKnownFileType = wrapper.framework; path = AudioKit.framework; sourceTree = "<group>"; };
/* End PBXFileReference section */

/* Begin PBXFrameworksBuildPhase section */
		357A52021E95243300E6F464 /* Frameworks */ = {
			isa = PBXFrameworksBuildPhase;
			buildActionMask = 2147483647;
			files = (
				357A52381E95247300E6F464 /* AudioKit.framework in Frameworks */,
				357A52371E95246B00E6F464 /* AudioKit.framework in Frameworks */,
				35655CCC1E967AD60007BB1B /* PaperSwitch.framework in Frameworks */,
				35655CDE1E967C110007BB1B /* PaperSwitch.framework in Frameworks */,
			);
			runOnlyForDeploymentPostprocessing = 0;
		};
		357A52161E95243300E6F464 /* Frameworks */ = {
			isa = PBXFrameworksBuildPhase;
			buildActionMask = 2147483647;
			files = (
			);
			runOnlyForDeploymentPostprocessing = 0;
		};
		357A52211E95243300E6F464 /* Frameworks */ = {
			isa = PBXFrameworksBuildPhase;
			buildActionMask = 2147483647;
			files = (
			);
			runOnlyForDeploymentPostprocessing = 0;
		};
/* End PBXFrameworksBuildPhase section */

/* Begin PBXGroup section */
		35655CCD1E967B910007BB1B /* CustomControls */ = {
			isa = PBXGroup;
			children = (
				35655CCE1E967B910007BB1B /* Knob+Touches.swift */,
				35655CCF1E967B910007BB1B /* Knob.swift */,
				35655CD01E967B910007BB1B /* KnobLarge.swift */,
				35655CD11E967B910007BB1B /* KnobMedium.swift */,
				35655CD21E967B910007BB1B /* KnobSmall.swift */,
				35655CD31E967B910007BB1B /* RoundedButton.swift */,
				35655CD41E967B910007BB1B /* VerticalSlider.swift */,
				35655CD51E967B910007BB1B /* WaveformSegmentedView.swift */,
			);
			path = CustomControls;
			sourceTree = "<group>";
		};
		357A51FC1E95243300E6F464 = {
			isa = PBXGroup;
			children = (
				357A52071E95243300E6F464 /* ConvolutionMadness */,
				357A521C1E95243300E6F464 /* ConvolutionMadnessTests */,
				357A52271E95243300E6F464 /* ConvolutionMadnessUITests */,
				357A52061E95243300E6F464 /* Products */,
			);
			sourceTree = "<group>";
		};
		357A52061E95243300E6F464 /* Products */ = {
			isa = PBXGroup;
			children = (
				357A52051E95243300E6F464 /* ConvolutionMadness.app */,
				357A52191E95243300E6F464 /* ConvolutionMadnessTests.xctest */,
				357A52241E95243300E6F464 /* ConvolutionMadnessUITests.xctest */,
			);
			name = Products;
			sourceTree = "<group>";
		};
		357A52071E95243300E6F464 /* ConvolutionMadness */ = {
			isa = PBXGroup;
			children = (
				35655CEB1E9786400007BB1B /* EffectBlokView.swift */,
				357A52081E95243300E6F464 /* AppDelegate.swift */,
				357A520A1E95243300E6F464 /* ViewController.swift */,
				35655D0F1E97E1640007BB1B /* mixloop.wav */,
				35655D011E97A1FC0007BB1B /* 1.wav */,
				35655D021E97A1FC0007BB1B /* 2.wav */,
				35655D031E97A1FC0007BB1B /* 3.wav */,
				357A520C1E95243300E6F464 /* Main.storyboard */,
				35655CE01E9682040007BB1B /* SwiftSiriWaveformView.swift */,
				357A520F1E95243300E6F464 /* Assets.xcassets */,
				357A52111E95243300E6F464 /* LaunchScreen.storyboard */,
				35655CCD1E967B910007BB1B /* CustomControls */,
				35655CCB1E967AD60007BB1B /* PaperSwitch.framework */,
				357A52361E95246B00E6F464 /* AudioKit.framework */,
				357A52141E95243300E6F464 /* Info.plist */,
			);
			path = ConvolutionMadness;
			sourceTree = "<group>";
		};
		357A521C1E95243300E6F464 /* ConvolutionMadnessTests */ = {
			isa = PBXGroup;
			children = (
				357A521D1E95243300E6F464 /* ConvolutionMadnessTests.swift */,
				357A521F1E95243300E6F464 /* Info.plist */,
			);
			path = ConvolutionMadnessTests;
			sourceTree = "<group>";
		};
		357A52271E95243300E6F464 /* ConvolutionMadnessUITests */ = {
			isa = PBXGroup;
			children = (
				357A52281E95243300E6F464 /* ConvolutionMadnessUITests.swift */,
				357A522A1E95243300E6F464 /* Info.plist */,
			);
			path = ConvolutionMadnessUITests;
			sourceTree = "<group>";
		};
/* End PBXGroup section */

/* Begin PBXNativeTarget section */
		357A52041E95243300E6F464 /* ConvolutionMadness */ = {
			isa = PBXNativeTarget;
			buildConfigurationList = 357A522D1E95243300E6F464 /* Build configuration list for PBXNativeTarget "ConvolutionMadness" */;
			buildPhases = (
				357A52011E95243300E6F464 /* Sources */,
				357A52021E95243300E6F464 /* Frameworks */,
				357A52031E95243300E6F464 /* Resources */,
				357A523A1E95247300E6F464 /* Embed Frameworks */,
			);
			buildRules = (
			);
			dependencies = (
			);
			name = ConvolutionMadness;
			productName = ConvolutionMadness;
			productReference = 357A52051E95243300E6F464 /* ConvolutionMadness.app */;
			productType = "com.apple.product-type.application";
		};
		357A52181E95243300E6F464 /* ConvolutionMadnessTests */ = {
			isa = PBXNativeTarget;
			buildConfigurationList = 357A52301E95243300E6F464 /* Build configuration list for PBXNativeTarget "ConvolutionMadnessTests" */;
			buildPhases = (
				357A52151E95243300E6F464 /* Sources */,
				357A52161E95243300E6F464 /* Frameworks */,
				357A52171E95243300E6F464 /* Resources */,
			);
			buildRules = (
			);
			dependencies = (
				357A521B1E95243300E6F464 /* PBXTargetDependency */,
			);
			name = ConvolutionMadnessTests;
			productName = ConvolutionMadnessTests;
			productReference = 357A52191E95243300E6F464 /* ConvolutionMadnessTests.xctest */;
			productType = "com.apple.product-type.bundle.unit-test";
		};
		357A52231E95243300E6F464 /* ConvolutionMadnessUITests */ = {
			isa = PBXNativeTarget;
			buildConfigurationList = 357A52331E95243300E6F464 /* Build configuration list for PBXNativeTarget "ConvolutionMadnessUITests" */;
			buildPhases = (
				357A52201E95243300E6F464 /* Sources */,
				357A52211E95243300E6F464 /* Frameworks */,
				357A52221E95243300E6F464 /* Resources */,
			);
			buildRules = (
			);
			dependencies = (
				357A52261E95243300E6F464 /* PBXTargetDependency */,
			);
			name = ConvolutionMadnessUITests;
			productName = ConvolutionMadnessUITests;
			productReference = 357A52241E95243300E6F464 /* ConvolutionMadnessUITests.xctest */;
			productType = "com.apple.product-type.bundle.ui-testing";
		};
/* End PBXNativeTarget section */

/* Begin PBXProject section */
		357A51FD1E95243300E6F464 /* Project object */ = {
			isa = PBXProject;
			attributes = {
				LastSwiftUpdateCheck = 0830;
				LastUpgradeCheck = 0830;
				ORGANIZATIONNAME = "MOBGEN:Lab";
				TargetAttributes = {
					357A52041E95243300E6F464 = {
						CreatedOnToolsVersion = 8.3;
						DevelopmentTeam = 4DWNK4MCTP;
						ProvisioningStyle = Automatic;
					};
					357A52181E95243300E6F464 = {
						CreatedOnToolsVersion = 8.3;
						DevelopmentTeam = 4DWNK4MCTP;
						ProvisioningStyle = Automatic;
						TestTargetID = 357A52041E95243300E6F464;
					};
					357A52231E95243300E6F464 = {
						CreatedOnToolsVersion = 8.3;
						DevelopmentTeam = 4DWNK4MCTP;
						ProvisioningStyle = Automatic;
						TestTargetID = 357A52041E95243300E6F464;
					};
				};
			};
			buildConfigurationList = 357A52001E95243300E6F464 /* Build configuration list for PBXProject "ConvolutionMadness" */;
			compatibilityVersion = "Xcode 3.2";
			developmentRegion = English;
			hasScannedForEncodings = 0;
			knownRegions = (
				en,
				Base,
			);
			mainGroup = 357A51FC1E95243300E6F464;
			productRefGroup = 357A52061E95243300E6F464 /* Products */;
			projectDirPath = "";
			projectRoot = "";
			targets = (
				357A52041E95243300E6F464 /* ConvolutionMadness */,
				357A52181E95243300E6F464 /* ConvolutionMadnessTests */,
				357A52231E95243300E6F464 /* ConvolutionMadnessUITests */,
			);
		};
/* End PBXProject section */

/* Begin PBXResourcesBuildPhase section */
		357A52031E95243300E6F464 /* Resources */ = {
			isa = PBXResourcesBuildPhase;
			buildActionMask = 2147483647;
			files = (
				35655D061E97A1FC0007BB1B /* 3.wav in Resources */,
				357A52131E95243300E6F464 /* LaunchScreen.storyboard in Resources */,
				357A52101E95243300E6F464 /* Assets.xcassets in Resources */,
				35655D041E97A1FC0007BB1B /* 1.wav in Resources */,
				35655D051E97A1FC0007BB1B /* 2.wav in Resources */,
				357A520E1E95243300E6F464 /* Main.storyboard in Resources */,
				35655D101E97E1640007BB1B /* mixloop.wav in Resources */,
			);
			runOnlyForDeploymentPostprocessing = 0;
		};
		357A52171E95243300E6F464 /* Resources */ = {
			isa = PBXResourcesBuildPhase;
			buildActionMask = 2147483647;
			files = (
			);
			runOnlyForDeploymentPostprocessing = 0;
		};
		357A52221E95243300E6F464 /* Resources */ = {
			isa = PBXResourcesBuildPhase;
			buildActionMask = 2147483647;
			files = (
			);
			runOnlyForDeploymentPostprocessing = 0;
		};
/* End PBXResourcesBuildPhase section */

/* Begin PBXSourcesBuildPhase section */
		357A52011E95243300E6F464 /* Sources */ = {
			isa = PBXSourcesBuildPhase;
			buildActionMask = 2147483647;
			files = (
				35655CE11E9682040007BB1B /* SwiftSiriWaveformView.swift in Sources */,
				35655CDA1E967B910007BB1B /* KnobSmall.swift in Sources */,
				35655CD61E967B910007BB1B /* Knob+Touches.swift in Sources */,
				35655CEC1E9786400007BB1B /* EffectBlokView.swift in Sources */,
				357A520B1E95243300E6F464 /* ViewController.swift in Sources */,
				35655CDB1E967B910007BB1B /* RoundedButton.swift in Sources */,
				357A52091E95243300E6F464 /* AppDelegate.swift in Sources */,
				35655CDC1E967B910007BB1B /* VerticalSlider.swift in Sources */,
				35655CDD1E967B910007BB1B /* WaveformSegmentedView.swift in Sources */,
				35655CD71E967B910007BB1B /* Knob.swift in Sources */,
				35655CD91E967B910007BB1B /* KnobMedium.swift in Sources */,
				35655CD81E967B910007BB1B /* KnobLarge.swift in Sources */,
			);
			runOnlyForDeploymentPostprocessing = 0;
		};
		357A52151E95243300E6F464 /* Sources */ = {
			isa = PBXSourcesBuildPhase;
			buildActionMask = 2147483647;
			files = (
				357A521E1E95243300E6F464 /* ConvolutionMadnessTests.swift in Sources */,
			);
			runOnlyForDeploymentPostprocessing = 0;
		};
		357A52201E95243300E6F464 /* Sources */ = {
			isa = PBXSourcesBuildPhase;
			buildActionMask = 2147483647;
			files = (
				357A52291E95243300E6F464 /* ConvolutionMadnessUITests.swift in Sources */,
			);
			runOnlyForDeploymentPostprocessing = 0;
		};
/* End PBXSourcesBuildPhase section */

/* Begin PBXTargetDependency section */
		357A521B1E95243300E6F464 /* PBXTargetDependency */ = {
			isa = PBXTargetDependency;
			target = 357A52041E95243300E6F464 /* ConvolutionMadness */;
			targetProxy = 357A521A1E95243300E6F464 /* PBXContainerItemProxy */;
		};
		357A52261E95243300E6F464 /* PBXTargetDependency */ = {
			isa = PBXTargetDependency;
			target = 357A52041E95243300E6F464 /* ConvolutionMadness */;
			targetProxy = 357A52251E95243300E6F464 /* PBXContainerItemProxy */;
		};
/* End PBXTargetDependency section */

/* Begin PBXVariantGroup section */
		357A520C1E95243300E6F464 /* Main.storyboard */ = {
			isa = PBXVariantGroup;
			children = (
				357A520D1E95243300E6F464 /* Base */,
			);
			name = Main.storyboard;
			sourceTree = "<group>";
		};
		357A52111E95243300E6F464 /* LaunchScreen.storyboard */ = {
			isa = PBXVariantGroup;
			children = (
				357A52121E95243300E6F464 /* Base */,
			);
			name = LaunchScreen.storyboard;
			sourceTree = "<group>";
		};
/* End PBXVariantGroup section */

/* Begin XCBuildConfiguration section */
		357A522B1E95243300E6F464 /* Debug */ = {
			isa = XCBuildConfiguration;
			buildSettings = {
				ALWAYS_SEARCH_USER_PATHS = NO;
				CLANG_ANALYZER_NONNULL = YES;
				CLANG_ANALYZER_NUMBER_OBJECT_CONVERSION = YES_AGGRESSIVE;
				CLANG_CXX_LANGUAGE_STANDARD = "gnu++0x";
				CLANG_CXX_LIBRARY = "libc++";
				CLANG_ENABLE_MODULES = YES;
				CLANG_ENABLE_OBJC_ARC = YES;
				CLANG_WARN_BOOL_CONVERSION = YES;
				CLANG_WARN_CONSTANT_CONVERSION = YES;
				CLANG_WARN_DIRECT_OBJC_ISA_USAGE = YES_ERROR;
				CLANG_WARN_DOCUMENTATION_COMMENTS = YES;
				CLANG_WARN_EMPTY_BODY = YES;
				CLANG_WARN_ENUM_CONVERSION = YES;
				CLANG_WARN_INFINITE_RECURSION = YES;
				CLANG_WARN_INT_CONVERSION = YES;
				CLANG_WARN_OBJC_ROOT_CLASS = YES_ERROR;
				CLANG_WARN_SUSPICIOUS_MOVE = YES;
				CLANG_WARN_UNREACHABLE_CODE = YES;
				CLANG_WARN__DUPLICATE_METHOD_MATCH = YES;
				"CODE_SIGN_IDENTITY[sdk=iphoneos*]" = "iPhone Developer";
				COPY_PHASE_STRIP = NO;
				DEBUG_INFORMATION_FORMAT = dwarf;
				ENABLE_STRICT_OBJC_MSGSEND = YES;
				ENABLE_TESTABILITY = YES;
				GCC_C_LANGUAGE_STANDARD = gnu99;
				GCC_DYNAMIC_NO_PIC = NO;
				GCC_NO_COMMON_BLOCKS = YES;
				GCC_OPTIMIZATION_LEVEL = 0;
				GCC_PREPROCESSOR_DEFINITIONS = (
					"DEBUG=1",
					"$(inherited)",
				);
				GCC_WARN_64_TO_32_BIT_CONVERSION = YES;
				GCC_WARN_ABOUT_RETURN_TYPE = YES_ERROR;
				GCC_WARN_UNDECLARED_SELECTOR = YES;
				GCC_WARN_UNINITIALIZED_AUTOS = YES_AGGRESSIVE;
				GCC_WARN_UNUSED_FUNCTION = YES;
				GCC_WARN_UNUSED_VARIABLE = YES;
				IPHONEOS_DEPLOYMENT_TARGET = 10.3;
				MTL_ENABLE_DEBUG_INFO = YES;
				ONLY_ACTIVE_ARCH = YES;
				SDKROOT = iphoneos;
				SWIFT_ACTIVE_COMPILATION_CONDITIONS = DEBUG;
				SWIFT_OPTIMIZATION_LEVEL = "-Onone";
				TARGETED_DEVICE_FAMILY = "1,2";
			};
			name = Debug;
		};
		357A522C1E95243300E6F464 /* Release */ = {
			isa = XCBuildConfiguration;
			buildSettings = {
				ALWAYS_SEARCH_USER_PATHS = NO;
				CLANG_ANALYZER_NONNULL = YES;
				CLANG_ANALYZER_NUMBER_OBJECT_CONVERSION = YES_AGGRESSIVE;
				CLANG_CXX_LANGUAGE_STANDARD = "gnu++0x";
				CLANG_CXX_LIBRARY = "libc++";
				CLANG_ENABLE_MODULES = YES;
				CLANG_ENABLE_OBJC_ARC = YES;
				CLANG_WARN_BOOL_CONVERSION = YES;
				CLANG_WARN_CONSTANT_CONVERSION = YES;
				CLANG_WARN_DIRECT_OBJC_ISA_USAGE = YES_ERROR;
				CLANG_WARN_DOCUMENTATION_COMMENTS = YES;
				CLANG_WARN_EMPTY_BODY = YES;
				CLANG_WARN_ENUM_CONVERSION = YES;
				CLANG_WARN_INFINITE_RECURSION = YES;
				CLANG_WARN_INT_CONVERSION = YES;
				CLANG_WARN_OBJC_ROOT_CLASS = YES_ERROR;
				CLANG_WARN_SUSPICIOUS_MOVE = YES;
				CLANG_WARN_UNREACHABLE_CODE = YES;
				CLANG_WARN__DUPLICATE_METHOD_MATCH = YES;
				"CODE_SIGN_IDENTITY[sdk=iphoneos*]" = "iPhone Developer";
				COPY_PHASE_STRIP = NO;
				DEBUG_INFORMATION_FORMAT = "dwarf-with-dsym";
				ENABLE_NS_ASSERTIONS = NO;
				ENABLE_STRICT_OBJC_MSGSEND = YES;
				GCC_C_LANGUAGE_STANDARD = gnu99;
				GCC_NO_COMMON_BLOCKS = YES;
				GCC_WARN_64_TO_32_BIT_CONVERSION = YES;
				GCC_WARN_ABOUT_RETURN_TYPE = YES_ERROR;
				GCC_WARN_UNDECLARED_SELECTOR = YES;
				GCC_WARN_UNINITIALIZED_AUTOS = YES_AGGRESSIVE;
				GCC_WARN_UNUSED_FUNCTION = YES;
				GCC_WARN_UNUSED_VARIABLE = YES;
				IPHONEOS_DEPLOYMENT_TARGET = 10.3;
				MTL_ENABLE_DEBUG_INFO = NO;
				SDKROOT = iphoneos;
				SWIFT_OPTIMIZATION_LEVEL = "-Owholemodule";
				TARGETED_DEVICE_FAMILY = "1,2";
				VALIDATE_PRODUCT = YES;
			};
			name = Release;
		};
		357A522E1E95243300E6F464 /* Debug */ = {
			isa = XCBuildConfiguration;
			buildSettings = {
				ASSETCATALOG_COMPILER_APPICON_NAME = AppIcon;
				DEVELOPMENT_TEAM = 4DWNK4MCTP;
				FRAMEWORK_SEARCH_PATHS = (
					"$(inherited)",
					"$(PROJECT_DIR)/ConvolutionMadness",
				);
				INFOPLIST_FILE = ConvolutionMadness/Info.plist;
				LD_RUNPATH_SEARCH_PATHS = "$(inherited) @executable_path/Frameworks";
				PRODUCT_BUNDLE_IDENTIFIER = com.mobgen.ConvolutionMadness;
				PRODUCT_NAME = "$(TARGET_NAME)";
				SWIFT_VERSION = 3.0;
			};
			name = Debug;
		};
		357A522F1E95243300E6F464 /* Release */ = {
			isa = XCBuildConfiguration;
			buildSettings = {
				ASSETCATALOG_COMPILER_APPICON_NAME = AppIcon;
				DEVELOPMENT_TEAM = 4DWNK4MCTP;
				FRAMEWORK_SEARCH_PATHS = (
					"$(inherited)",
					"$(PROJECT_DIR)/ConvolutionMadness",
				);
				INFOPLIST_FILE = ConvolutionMadness/Info.plist;
				LD_RUNPATH_SEARCH_PATHS = "$(inherited) @executable_path/Frameworks";
				PRODUCT_BUNDLE_IDENTIFIER = com.mobgen.ConvolutionMadness;
				PRODUCT_NAME = "$(TARGET_NAME)";
				SWIFT_VERSION = 3.0;
			};
			name = Release;
		};
		357A52311E95243300E6F464 /* Debug */ = {
			isa = XCBuildConfiguration;
			buildSettings = {
				ALWAYS_EMBED_SWIFT_STANDARD_LIBRARIES = YES;
				BUNDLE_LOADER = "$(TEST_HOST)";
				DEVELOPMENT_TEAM = 4DWNK4MCTP;
				INFOPLIST_FILE = ConvolutionMadnessTests/Info.plist;
				LD_RUNPATH_SEARCH_PATHS = "$(inherited) @executable_path/Frameworks @loader_path/Frameworks";
				PRODUCT_BUNDLE_IDENTIFIER = com.mobgen.ConvolutionMadnessTests;
				PRODUCT_NAME = "$(TARGET_NAME)";
				SWIFT_VERSION = 3.0;
				TEST_HOST = "$(BUILT_PRODUCTS_DIR)/ConvolutionMadness.app/ConvolutionMadness";
			};
			name = Debug;
		};
		357A52321E95243300E6F464 /* Release */ = {
			isa = XCBuildConfiguration;
			buildSettings = {
				ALWAYS_EMBED_SWIFT_STANDARD_LIBRARIES = YES;
				BUNDLE_LOADER = "$(TEST_HOST)";
				DEVELOPMENT_TEAM = 4DWNK4MCTP;
				INFOPLIST_FILE = ConvolutionMadnessTests/Info.plist;
				LD_RUNPATH_SEARCH_PATHS = "$(inherited) @executable_path/Frameworks @loader_path/Frameworks";
				PRODUCT_BUNDLE_IDENTIFIER = com.mobgen.ConvolutionMadnessTests;
				PRODUCT_NAME = "$(TARGET_NAME)";
				SWIFT_VERSION = 3.0;
				TEST_HOST = "$(BUILT_PRODUCTS_DIR)/ConvolutionMadness.app/ConvolutionMadness";
			};
			name = Release;
		};
		357A52341E95243300E6F464 /* Debug */ = {
			isa = XCBuildConfiguration;
			buildSettings = {
				ALWAYS_EMBED_SWIFT_STANDARD_LIBRARIES = YES;
				DEVELOPMENT_TEAM = 4DWNK4MCTP;
				INFOPLIST_FILE = ConvolutionMadnessUITests/Info.plist;
				LD_RUNPATH_SEARCH_PATHS = "$(inherited) @executable_path/Frameworks @loader_path/Frameworks";
				PRODUCT_BUNDLE_IDENTIFIER = com.mobgen.ConvolutionMadnessUITests;
				PRODUCT_NAME = "$(TARGET_NAME)";
				SWIFT_VERSION = 3.0;
				TEST_TARGET_NAME = ConvolutionMadness;
			};
			name = Debug;
		};
		357A52351E95243300E6F464 /* Release */ = {
			isa = XCBuildConfiguration;
			buildSettings = {
				ALWAYS_EMBED_SWIFT_STANDARD_LIBRARIES = YES;
				DEVELOPMENT_TEAM = 4DWNK4MCTP;
				INFOPLIST_FILE = ConvolutionMadnessUITests/Info.plist;
				LD_RUNPATH_SEARCH_PATHS = "$(inherited) @executable_path/Frameworks @loader_path/Frameworks";
				PRODUCT_BUNDLE_IDENTIFIER = com.mobgen.ConvolutionMadnessUITests;
				PRODUCT_NAME = "$(TARGET_NAME)";
				SWIFT_VERSION = 3.0;
				TEST_TARGET_NAME = ConvolutionMadness;
			};
			name = Release;
		};
/* End XCBuildConfiguration section */

/* Begin XCConfigurationList section */
		357A52001E95243300E6F464 /* Build configuration list for PBXProject "ConvolutionMadness" */ = {
			isa = XCConfigurationList;
			buildConfigurations = (
				357A522B1E95243300E6F464 /* Debug */,
				357A522C1E95243300E6F464 /* Release */,
			);
			defaultConfigurationIsVisible = 0;
			defaultConfigurationName = Release;
		};
		357A522D1E95243300E6F464 /* Build configuration list for PBXNativeTarget "ConvolutionMadness" */ = {
			isa = XCConfigurationList;
			buildConfigurations = (
				357A522E1E95243300E6F464 /* Debug */,
				357A522F1E95243300E6F464 /* Release */,
			);
			defaultConfigurationIsVisible = 0;
			defaultConfigurationName = Release;
		};
		357A52301E95243300E6F464 /* Build configuration list for PBXNativeTarget "ConvolutionMadnessTests" */ = {
			isa = XCConfigurationList;
			buildConfigurations = (
				357A52311E95243300E6F464 /* Debug */,
				357A52321E95243300E6F464 /* Release */,
			);
			defaultConfigurationIsVisible = 0;
			defaultConfigurationName = Release;
		};
		357A52331E95243300E6F464 /* Build configuration list for PBXNativeTarget "ConvolutionMadnessUITests" */ = {
			isa = XCConfigurationList;
			buildConfigurations = (
				357A52341E95243300E6F464 /* Debug */,
				357A52351E95243300E6F464 /* Release */,
			);
			defaultConfigurationIsVisible = 0;
			defaultConfigurationName = Release;
		};
/* End XCConfigurationList section */
	};
	rootObject = 357A51FD1E95243300E6F464 /* Project object */;
}
